
Microsoft Visual Studio Solution File, Format Version 12.00
# Visual Studio 2015
Project("{FAE04EC0-301F-11D3-BF4B-00C04F79EFBC}") = "13.XuruGame-Interfaz Puntaje.CSharp", "13.XuruGame-Interfaz Puntaje.CSharp.csproj", "{5DB7EE2B-48AC-91A7-3090-516EBA23BDB5}"
EndProject
Global
	GlobalSection(SolutionConfigurationPlatforms) = preSolution
		Debug|Any CPU = Debug|Any CPU
		Release|Any CPU = Release|Any CPU
	EndGlobalSection
	GlobalSection(ProjectConfigurationPlatforms) = postSolution
		{5DB7EE2B-48AC-91A7-3090-516EBA23BDB5}.Debug|Any CPU.ActiveCfg = Debug|Any CPU
		{5DB7EE2B-48AC-91A7-3090-516EBA23BDB5}.Debug|Any CPU.Build.0 = Debug|Any CPU
		{5DB7EE2B-48AC-91A7-3090-516EBA23BDB5}.Release|Any CPU.ActiveCfg = Release|Any CPU
		{5DB7EE2B-48AC-91A7-3090-516EBA23BDB5}.Release|Any CPU.Build.0 = Release|Any CPU
	EndGlobalSection
	GlobalSection(SolutionProperties) = preSolution
		HideSolutionNode = FALSE
	EndGlobalSection
EndGlobal
