
Microsoft Visual Studio Solution File, Format Version 12.00
# Visual Studio 2015
Project("{FAE04EC0-301F-11D3-BF4B-00C04F79EFBC}") = "14.XuruGame-Menu.CSharp", "14.XuruGame-Menu.CSharp.csproj", "{7725A267-A9A9-0502-464C-90432E26C385}"
EndProject
Global
	GlobalSection(SolutionConfigurationPlatforms) = preSolution
		Debug|Any CPU = Debug|Any CPU
		Release|Any CPU = Release|Any CPU
	EndGlobalSection
	GlobalSection(ProjectConfigurationPlatforms) = postSolution
		{7725A267-A9A9-0502-464C-90432E26C385}.Debug|Any CPU.ActiveCfg = Debug|Any CPU
		{7725A267-A9A9-0502-464C-90432E26C385}.Debug|Any CPU.Build.0 = Debug|Any CPU
		{7725A267-A9A9-0502-464C-90432E26C385}.Release|Any CPU.ActiveCfg = Release|Any CPU
		{7725A267-A9A9-0502-464C-90432E26C385}.Release|Any CPU.Build.0 = Release|Any CPU
	EndGlobalSection
	GlobalSection(SolutionProperties) = preSolution
		HideSolutionNode = FALSE
	EndGlobalSection
EndGlobal
